
Microsoft Visual Studio Solution File, Format Version 12.00
# Visual Studio Version 16
VisualStudioVersion = 16.0.29418.71
MinimumVisualStudioVersion = 10.0.40219.1
Project("{8BC9CEB8-8B4A-11D0-8D11-00A0C91BC942}") = "Detyra me rekurzion - Erlis Lushtaku", "Detyra me rekurzion - Erlis Lushtaku\Detyra me rekurzion - Erlis Lushtaku.vcxproj", "{9233CD91-7536-428B-B038-A2F4A5FA2A4E}"
EndProject
Global
	GlobalSection(SolutionConfigurationPlatforms) = preSolution
		Debug|x64 = Debug|x64
		Debug|x86 = Debug|x86
		Release|x64 = Release|x64
		Release|x86 = Release|x86
	EndGlobalSection
	GlobalSection(ProjectConfigurationPlatforms) = postSolution
		{9233CD91-7536-428B-B038-A2F4A5FA2A4E}.Debug|x64.ActiveCfg = Debug|x64
		{9233CD91-7536-428B-B038-A2F4A5FA2A4E}.Debug|x64.Build.0 = Debug|x64
		{9233CD91-7536-428B-B038-A2F4A5FA2A4E}.Debug|x86.ActiveCfg = Debug|Win32
		{9233CD91-7536-428B-B038-A2F4A5FA2A4E}.Debug|x86.Build.0 = Debug|Win32
		{9233CD91-7536-428B-B038-A2F4A5FA2A4E}.Release|x64.ActiveCfg = Release|x64
		{9233CD91-7536-428B-B038-A2F4A5FA2A4E}.Release|x64.Build.0 = Release|x64
		{9233CD91-7536-428B-B038-A2F4A5FA2A4E}.Release|x86.ActiveCfg = Release|Win32
		{9233CD91-7536-428B-B038-A2F4A5FA2A4E}.Release|x86.Build.0 = Release|Win32
	EndGlobalSection
	GlobalSection(SolutionProperties) = preSolution
		HideSolutionNode = FALSE
	EndGlobalSection
	GlobalSection(ExtensibilityGlobals) = postSolution
		SolutionGuid = {3CA2EC38-25DE-4E03-8B28-0EBB496016EE}
	EndGlobalSection
EndGlobal
